
Microsoft Visual Studio Solution File, Format Version 12.00
# Visual Studio 15
VisualStudioVersion = 15.0.27703.2026
MinimumVisualStudioVersion = 10.0.40219.1
Project("{FAE04EC0-301F-11D3-BF4B-00C04F79EFBC}") = "SimpleMetrics", "SimpleMetrics\SimpleMetrics.csproj", "{45E99002-68C9-4A67-97BA-ED09278ED834}"
EndProject
Global
	GlobalSection(SolutionConfigurationPlatforms) = preSolution
		Debug|Any CPU = Debug|Any CPU
		Release|Any CPU = Release|Any CPU
	EndGlobalSection
	GlobalSection(ProjectConfigurationPlatforms) = postSolution
		{45E99002-68C9-4A67-97BA-ED09278ED834}.Debug|Any CPU.ActiveCfg = Debug|Any CPU
		{45E99002-68C9-4A67-97BA-ED09278ED834}.Debug|Any CPU.Build.0 = Debug|Any CPU
		{45E99002-68C9-4A67-97BA-ED09278ED834}.Release|Any CPU.ActiveCfg = Release|Any CPU
		{45E99002-68C9-4A67-97BA-ED09278ED834}.Release|Any CPU.Build.0 = Release|Any CPU
	EndGlobalSection
	GlobalSection(SolutionProperties) = preSolution
		HideSolutionNode = FALSE
	EndGlobalSection
	GlobalSection(ExtensibilityGlobals) = postSolution
		SolutionGuid = {5190C5DF-0B8C-4A31-83E3-165967759941}
	EndGlobalSection
EndGlobal
